{
  "name": "bananapi",
  "version": "1.1.1",
  "lockfileVersion": 1,
  "requires": true,
  "dependencies": {
    "@types/node": {
      "version": "10.11.5",
      "resolved": "https://registry.npmjs.org/@types/node/-/node-10.11.5.tgz",
      "integrity": "sha512-3j1EFLfrjYRHRFjBb+RIXXwr1YGzcfpQVMP39thZa6tMY+JjVgQddPF+hsdV800JqbuLwpwAWclDpbGSAw44vQ==",
      "dev": true
    },
    "ladybug-fetch": {
      "version": "github:freetnt5852/ladybug-fetch#c8edadf29599101417b25fc55ad79359ef780c72",
      "from": "github:freetnt5852/ladybug-fetch"
    }
  }
}
